
Microsoft Visual Studio Solution File, Format Version 12.00
# Visual Studio Version 16
VisualStudioVersion = 16.0.29306.81
MinimumVisualStudioVersion = 10.0.40219.1
Project("{FAE04EC0-301F-11D3-BF4B-00C04F79EFBC}") = "WindowsFormsAppg", "WindowsFormsAppg.csproj", "{303BD9C0-07DA-410B-944A-CA2F94C3ED55}"
EndProject
Global
	GlobalSection(SolutionConfigurationPlatforms) = preSolution
		Debug|Any CPU = Debug|Any CPU
		Release|Any CPU = Release|Any CPU
	EndGlobalSection
	GlobalSection(ProjectConfigurationPlatforms) = postSolution
		{303BD9C0-07DA-410B-944A-CA2F94C3ED55}.Debug|Any CPU.ActiveCfg = Debug|Any CPU
		{303BD9C0-07DA-410B-944A-CA2F94C3ED55}.Debug|Any CPU.Build.0 = Debug|Any CPU
		{303BD9C0-07DA-410B-944A-CA2F94C3ED55}.Release|Any CPU.ActiveCfg = Release|Any CPU
		{303BD9C0-07DA-410B-944A-CA2F94C3ED55}.Release|Any CPU.Build.0 = Release|Any CPU
	EndGlobalSection
	GlobalSection(SolutionProperties) = preSolution
		HideSolutionNode = FALSE
	EndGlobalSection
	GlobalSection(ExtensibilityGlobals) = postSolution
		SolutionGuid = {51E586B7-B4EE-407A-86F5-C70CECC50188}
	EndGlobalSection
EndGlobal
